
Microsoft Visual Studio Solution File, Format Version 12.00
# Visual Studio 15
VisualStudioVersion = 15.0.26730.15
MinimumVisualStudioVersion = 10.0.40219.1
Project("{FAE04EC0-301F-11D3-BF4B-00C04F79EFBC}") = "Season.Quarterly.Forecast.Using.Arrays", "Season.Quarterly.Forecast.Using.Arrays\Season.Quarterly.Forecast.Using.Arrays.csproj", "{DB24FCA2-17D0-46B6-980F-3D17B4CABF08}"
EndProject
Global
	GlobalSection(SolutionConfigurationPlatforms) = preSolution
		Debug|Any CPU = Debug|Any CPU
		Release|Any CPU = Release|Any CPU
	EndGlobalSection
	GlobalSection(ProjectConfigurationPlatforms) = postSolution
		{DB24FCA2-17D0-46B6-980F-3D17B4CABF08}.Debug|Any CPU.ActiveCfg = Debug|Any CPU
		{DB24FCA2-17D0-46B6-980F-3D17B4CABF08}.Debug|Any CPU.Build.0 = Debug|Any CPU
		{DB24FCA2-17D0-46B6-980F-3D17B4CABF08}.Release|Any CPU.ActiveCfg = Release|Any CPU
		{DB24FCA2-17D0-46B6-980F-3D17B4CABF08}.Release|Any CPU.Build.0 = Release|Any CPU
	EndGlobalSection
	GlobalSection(SolutionProperties) = preSolution
		HideSolutionNode = FALSE
	EndGlobalSection
	GlobalSection(ExtensibilityGlobals) = postSolution
		SolutionGuid = {16D747FB-35F6-44C2-BB4A-047AEB17B48D}
	EndGlobalSection
EndGlobal
